
Microsoft Visual Studio Solution File, Format Version 12.00
# Visual Studio Version 16
VisualStudioVersion = 16.0.29926.136
MinimumVisualStudioVersion = 10.0.40219.1
Project("{9A19103F-16F7-4668-BE54-9A1E7A4F7556}") = "Projeto_Curso", "Projeto_Curso\Projeto_Curso.csproj", "{6C6631C7-2331-4027-99B4-20C400B3ADD5}"
EndProject
Project("{9A19103F-16F7-4668-BE54-9A1E7A4F7556}") = "Enumeracoes", "Enumerações\Enumeracoes.csproj", "{05255AD8-8E4F-4890-962D-79DED795317C}"
EndProject
Project("{FAE04EC0-301F-11D3-BF4B-00C04F79EFBC}") = "Empresa", "Empresa\Empresa.csproj", "{883FA01A-8BCF-4597-AE42-C7FEF3ACD419}"
EndProject
Global
	GlobalSection(SolutionConfigurationPlatforms) = preSolution
		Debug|Any CPU = Debug|Any CPU
		Release|Any CPU = Release|Any CPU
	EndGlobalSection
	GlobalSection(ProjectConfigurationPlatforms) = postSolution
		{6C6631C7-2331-4027-99B4-20C400B3ADD5}.Debug|Any CPU.ActiveCfg = Debug|Any CPU
		{6C6631C7-2331-4027-99B4-20C400B3ADD5}.Debug|Any CPU.Build.0 = Debug|Any CPU
		{6C6631C7-2331-4027-99B4-20C400B3ADD5}.Release|Any CPU.ActiveCfg = Release|Any CPU
		{6C6631C7-2331-4027-99B4-20C400B3ADD5}.Release|Any CPU.Build.0 = Release|Any CPU
		{05255AD8-8E4F-4890-962D-79DED795317C}.Debug|Any CPU.ActiveCfg = Debug|Any CPU
		{05255AD8-8E4F-4890-962D-79DED795317C}.Debug|Any CPU.Build.0 = Debug|Any CPU
		{05255AD8-8E4F-4890-962D-79DED795317C}.Release|Any CPU.ActiveCfg = Release|Any CPU
		{05255AD8-8E4F-4890-962D-79DED795317C}.Release|Any CPU.Build.0 = Release|Any CPU
		{883FA01A-8BCF-4597-AE42-C7FEF3ACD419}.Debug|Any CPU.ActiveCfg = Debug|Any CPU
		{883FA01A-8BCF-4597-AE42-C7FEF3ACD419}.Debug|Any CPU.Build.0 = Debug|Any CPU
		{883FA01A-8BCF-4597-AE42-C7FEF3ACD419}.Release|Any CPU.ActiveCfg = Release|Any CPU
		{883FA01A-8BCF-4597-AE42-C7FEF3ACD419}.Release|Any CPU.Build.0 = Release|Any CPU
	EndGlobalSection
	GlobalSection(SolutionProperties) = preSolution
		HideSolutionNode = FALSE
	EndGlobalSection
	GlobalSection(ExtensibilityGlobals) = postSolution
		SolutionGuid = {799EDA42-909B-40A3-91ED-C087CE8945AF}
	EndGlobalSection
EndGlobal
